{
  "name": "pixi-demo",
  "version": "0.0.1",
  "lockfileVersion": 1,
  "dependencies": {
    "@types/pixi.js": {
      "version": "4.5.1",
      "resolved": "http://otto:8081/nexus/repository/npmjs-all/@types/pixi.js/-/pixi.js-4.5.1.tgz",
      "integrity": "sha512-DSfVDgODtZYuS2vEf0BrIcReXXaswuPJfb84sJA8lM+cdIN5SzFWq1Pmjq2rB6xCFBRIC2AkW7PuxqfdVtAv7A==",
      "dev": true
    },
    "async": {
      "version": "1.5.2",
      "resolved": "http://otto:8081/nexus/repository/npmjs-all/async/-/async-1.5.2.tgz",
      "integrity": "sha1-7GphrlZIDAw8skHJVhjiCJL5Zyo="
    },
    "bit-twiddle": {
      "version": "1.0.2",
      "resolved": "http://otto:8081/nexus/repository/npmjs-all/bit-twiddle/-/bit-twiddle-1.0.2.tgz",
      "integrity": "sha1-DGwfq+KyPRcXPZpht7cJPrnhdp4="
    },
    "colors": {
      "version": "1.0.3",
      "resolved": "http://otto:8081/nexus/repository/npmjs-all/colors/-/colors-1.0.3.tgz",
      "integrity": "sha1-BDP0TYCWgP3rYO0mDxsMJi6CpAs="
    },
    "corser": {
      "version": "2.0.1",
      "resolved": "http://otto:8081/nexus/repository/npmjs-all/corser/-/corser-2.0.1.tgz",
      "integrity": "sha1-jtolLsqrWEDc2XXOuQ2TcMgZ/4c="
    },
    "debug": {
      "version": "2.6.8",
      "resolved": "http://otto:8081/nexus/repository/npmjs-all/debug/-/debug-2.6.8.tgz",
      "integrity": "sha1-5zFTHKLt4n0YgiJCfaF4IdaP9Pw="
    },
    "earcut": {
      "version": "2.1.1",
      "resolved": "http://otto:8081/nexus/repository/npmjs-all/earcut/-/earcut-2.1.1.tgz",
      "integrity": "sha1-FXY05fPrtCIk5HUBboalts5Va0U="
    },
    "ecstatic": {
      "version": "2.2.1",
      "resolved": "http://otto:8081/nexus/repository/npmjs-all/ecstatic/-/ecstatic-2.2.1.tgz",
      "integrity": "sha512-ztE4WqheoWLh3wv+HQwy7dACnvNY620coWpa+XqY6R2cVWgaAT2lUISU1Uf7JpdLLJCURktJOaA9av2AOzsyYQ=="
    },
    "eventemitter3": {
      "version": "2.0.3",
      "resolved": "http://otto:8081/nexus/repository/npmjs-all/eventemitter3/-/eventemitter3-2.0.3.tgz",
      "integrity": "sha1-teEHm1n7XhuidxwKmTvgYKWMmbo="
    },
    "he": {
      "version": "1.1.1",
      "resolved": "http://otto:8081/nexus/repository/npmjs-all/he/-/he-1.1.1.tgz",
      "integrity": "sha1-k0EP0hsAlzUVH4howvJx80J+I/0="
    },
    "http-proxy": {
      "version": "1.16.2",
      "resolved": "http://otto:8081/nexus/repository/npmjs-all/http-proxy/-/http-proxy-1.16.2.tgz",
      "integrity": "sha1-Bt/ykpUr9k2+hHH6nfcwZtTzd0I=",
      "dependencies": {
        "eventemitter3": {
          "version": "1.2.0",
          "resolved": "http://otto:8081/nexus/repository/npmjs-all/eventemitter3/-/eventemitter3-1.2.0.tgz",
          "integrity": "sha1-HIaZHYFq0eUEdQ5zh0Ik7PO+xQg="
        }
      }
    },
    "http-server": {
      "version": "0.10.0",
      "resolved": "http://otto:8081/nexus/repository/npmjs-all/http-server/-/http-server-0.10.0.tgz",
      "integrity": "sha1-sqRGsWqduH7TxiK6m+sbCFsSNKc="
    },
    "ismobilejs": {
      "version": "0.4.1",
      "resolved": "http://otto:8081/nexus/repository/npmjs-all/ismobilejs/-/ismobilejs-0.4.1.tgz",
      "integrity": "sha1-Gl8SbHD+05yT2jgPpiy65XI+fcI="
    },
    "mime": {
      "version": "1.3.6",
      "resolved": "http://otto:8081/nexus/repository/npmjs-all/mime/-/mime-1.3.6.tgz",
      "integrity": "sha1-WR2E02U6awtKO5343lqoEI5y5eA="
    },
    "mini-signals": {
      "version": "1.1.1",
      "resolved": "http://otto:8081/nexus/repository/npmjs-all/mini-signals/-/mini-signals-1.1.1.tgz",
      "integrity": "sha1-PmXW8TWBpgR8TQ8K0LEnozA5kRs="
    },
    "minimist": {
      "version": "1.2.0",
      "resolved": "http://otto:8081/nexus/repository/npmjs-all/minimist/-/minimist-1.2.0.tgz",
      "integrity": "sha1-o1AIsg9BOD7sH7kU9M1d95omQoQ="
    },
    "mkdirp": {
      "version": "0.5.1",
      "resolved": "http://otto:8081/nexus/repository/npmjs-all/mkdirp/-/mkdirp-0.5.1.tgz",
      "integrity": "sha1-MAV0OOrGz3+MR2fzhkjWaX11yQM=",
      "dependencies": {
        "minimist": {
          "version": "0.0.8",
          "resolved": "http://otto:8081/nexus/repository/npmjs-all/minimist/-/minimist-0.0.8.tgz",
          "integrity": "sha1-hX/Kv8M5fSYluCKCYuhqp6ARsF0="
        }
      }
    },
    "ms": {
      "version": "2.0.0",
      "resolved": "http://otto:8081/nexus/repository/npmjs-all/ms/-/ms-2.0.0.tgz",
      "integrity": "sha1-VgiurfwAvmwpAd9fmGF4jeDVl8g="
    },
    "object-assign": {
      "version": "4.1.1",
      "resolved": "http://otto:8081/nexus/repository/npmjs-all/object-assign/-/object-assign-4.1.1.tgz",
      "integrity": "sha1-IQmtx5ZYh8/AXLvUQsrIv7s2CGM="
    },
    "opener": {
      "version": "1.4.3",
      "resolved": "http://otto:8081/nexus/repository/npmjs-all/opener/-/opener-1.4.3.tgz",
      "integrity": "sha1-XG2ixdflgx6P+jlklQ+NZnSskLg="
    },
    "optimist": {
      "version": "0.6.1",
      "resolved": "http://otto:8081/nexus/repository/npmjs-all/optimist/-/optimist-0.6.1.tgz",
      "integrity": "sha1-2j6nRob6IaGaERwybpDrFaAZZoY=",
      "dependencies": {
        "minimist": {
          "version": "0.0.10",
          "resolved": "http://otto:8081/nexus/repository/npmjs-all/minimist/-/minimist-0.0.10.tgz",
          "integrity": "sha1-3j+YVD2/lggr5IrRoMfNqDYwHc8="
        }
      }
    },
    "parse-uri": {
      "version": "1.0.0",
      "resolved": "http://otto:8081/nexus/repository/npmjs-all/parse-uri/-/parse-uri-1.0.0.tgz",
      "integrity": "sha1-KHLcwi8aeXrN4Vg9igrClVLdrCA="
    },
    "pixi-gl-core": {
      "version": "1.1.0",
      "resolved": "http://otto:8081/nexus/repository/npmjs-all/pixi-gl-core/-/pixi-gl-core-1.1.0.tgz",
      "integrity": "sha1-pSy03TJU+ceFeg6cI1awDm7Ax2E="
    },
    "pixi.js": {
      "version": "4.5.3",
      "resolved": "http://otto:8081/nexus/repository/npmjs-all/pixi.js/-/pixi.js-4.5.3.tgz",
      "integrity": "sha1-FpSOVbMfuefNc8fHAmcEcXE9Qzg="
    },
    "portfinder": {
      "version": "1.0.13",
      "resolved": "http://otto:8081/nexus/repository/npmjs-all/portfinder/-/portfinder-1.0.13.tgz",
      "integrity": "sha1-uzLs2HwnEErm7kS1o8y/Drsa7ek="
    },
    "qs": {
      "version": "2.3.3",
      "resolved": "http://otto:8081/nexus/repository/npmjs-all/qs/-/qs-2.3.3.tgz",
      "integrity": "sha1-6eha2+ddoLvkyOBHaghikPhjtAQ="
    },
    "remove-array-items": {
      "version": "1.0.0",
      "resolved": "http://otto:8081/nexus/repository/npmjs-all/remove-array-items/-/remove-array-items-1.0.0.tgz",
      "integrity": "sha1-B79CyzMvTPboXq2DteToltIyayE="
    },
    "requires-port": {
      "version": "1.0.0",
      "resolved": "http://otto:8081/nexus/repository/npmjs-all/requires-port/-/requires-port-1.0.0.tgz",
      "integrity": "sha1-kl0mAdOaxIXgkc8NpcbmlNw9yv8="
    },
    "resource-loader": {
      "version": "2.0.9",
      "resolved": "http://otto:8081/nexus/repository/npmjs-all/resource-loader/-/resource-loader-2.0.9.tgz",
      "integrity": "sha1-ZdO1CpguSCYLrPg1KE4actl4gG0="
    },
    "systemjs": {
      "version": "0.20.14",
      "resolved": "http://otto:8081/nexus/repository/npmjs-all/systemjs/-/systemjs-0.20.14.tgz",
      "integrity": "sha512-emxZNtgvuJgdTS5dWvq6kgbeY8aDunNTasMWCu6JTxlfS4nSyJ6++YdN07fdoMFpSExOXvcdneFuwLC5LhXGng=="
    },
    "typescript": {
      "version": "2.4.1",
      "resolved": "http://otto:8081/nexus/repository/npmjs-all/typescript/-/typescript-2.4.1.tgz",
      "integrity": "sha1-w8yxbdqgsjFN4DHn5v7onlujRrw=",
      "dev": true
    },
    "union": {
      "version": "0.4.6",
      "resolved": "http://otto:8081/nexus/repository/npmjs-all/union/-/union-0.4.6.tgz",
      "integrity": "sha1-GY+9rrolTniLDvy2MLwR8kopWeA="
    },
    "url-join": {
      "version": "2.0.2",
      "resolved": "http://otto:8081/nexus/repository/npmjs-all/url-join/-/url-join-2.0.2.tgz",
      "integrity": "sha1-wHJ1aWetJLi1nldBVRyqx49QuLc="
    },
    "wordwrap": {
      "version": "0.0.3",
      "resolved": "http://otto:8081/nexus/repository/npmjs-all/wordwrap/-/wordwrap-0.0.3.tgz",
      "integrity": "sha1-o9XabNXAvAAI03I0u68b7WMFkQc="
    }
  }
}
